
Microsoft Visual Studio Solution File, Format Version 12.00
# Visual Studio 15
VisualStudioVersion = 15.0.27703.2042
MinimumVisualStudioVersion = 10.0.40219.1
Project("{FAE04EC0-301F-11D3-BF4B-00C04F79EFBC}") = "CountingVisits", "CountingVisits\CountingVisits.csproj", "{5CCDC500-BE28-45BD-BD76-929237F28019}"
EndProject
Global
	GlobalSection(SolutionConfigurationPlatforms) = preSolution
		Debug|Any CPU = Debug|Any CPU
		Release|Any CPU = Release|Any CPU
	EndGlobalSection
	GlobalSection(ProjectConfigurationPlatforms) = postSolution
		{5CCDC500-BE28-45BD-BD76-929237F28019}.Debug|Any CPU.ActiveCfg = Debug|Any CPU
		{5CCDC500-BE28-45BD-BD76-929237F28019}.Debug|Any CPU.Build.0 = Debug|Any CPU
		{5CCDC500-BE28-45BD-BD76-929237F28019}.Release|Any CPU.ActiveCfg = Release|Any CPU
		{5CCDC500-BE28-45BD-BD76-929237F28019}.Release|Any CPU.Build.0 = Release|Any CPU
	EndGlobalSection
	GlobalSection(SolutionProperties) = preSolution
		HideSolutionNode = FALSE
	EndGlobalSection
	GlobalSection(ExtensibilityGlobals) = postSolution
		SolutionGuid = {971BBE7F-2CBF-4F9B-9727-EB86C935895E}
	EndGlobalSection
EndGlobal
